github.com/google/go-cmp v0.6.0 h1:ofyhxvXcZhMsU5ulbFiLKl/XBFqE1GSq7atu8tAmTRI=
github.com/google/go-cmp v0.6.0/go.mod h1:17dUlkBOakJ0+DkrSSNjCkIjxS6bF9zb3elmeNGIjoY=
github.com/sijms/go-ora/v2 v2.8.23 h1:9k4VOty9Nv/Uy8aUqqO90DdRY5pDjKb+QnQ6uimZLiM=
github.com/sijms/go-ora/v2 v2.8.23/go.mod h1:QgFInVi3ZWyqAiJwzBQA+nbKYKH77tdp1PYoCqhR2dU=
