github.com/google/go-cmp v0.6.0 h1:ofyhxvXcZhMsU5ulbFiLKl/XBFqE1GSq7atu8tAmTRI=
github.com/google/go-cmp v0.6.0/go.mod h1:17dUlkBOakJ0+DkrSSNjCkIjxS6bF9zb3elmeNGIjoY=
github.com/sijms/go-ora/v2 v2.8.9 h1:XIghcG8hjtYu+G9H235VEe5JXPLJtdzzj7pQm7JucVo=
github.com/sijms/go-ora/v2 v2.8.9/go.mod h1:EHxlY6x7y9HAsdfumurRfTd+v8NrEOTR3Xl4FWlH6xk=
